// !$*UTF8*$!
{
	archiveVersion = 1;
	classes = {
	};
	objectVersion = 48;
	objects = {

/* Begin PBXBuildFile section */
		352584D91FA9FF15003A0A88 /* UIViewContr.swift in Sources */ = {isa = PBXBuildFile; fileRef = 352584D81FA9FF15003A0A88 /* UIViewContr.swift */; };
		354C5ABD1FA6ACD1002B17B4 /* AppDelegate.swift in Sources */ = {isa = PBXBuildFile; fileRef = 354C5ABC1FA6ACD1002B17B4 /* AppDelegate.swift */; };
		354C5AC21FA6ACD1002B17B4 /* Main.storyboard in Resources */ = {isa = PBXBuildFile; fileRef = 354C5AC01FA6ACD1002B17B4 /* Main.storyboard */; };
		354C5AC41FA6ACD1002B17B4 /* Assets.xcassets in Resources */ = {isa = PBXBuildFile; fileRef = 354C5AC31FA6ACD1002B17B4 /* Assets.xcassets */; };
		354C5AC71FA6ACD1002B17B4 /* LaunchScreen.storyboard in Resources */ = {isa = PBXBuildFile; fileRef = 354C5AC51FA6ACD1002B17B4 /* LaunchScreen.storyboard */; };
		354C5AD51FA6AD5E002B17B4 /* LoginViewController.swift in Sources */ = {isa = PBXBuildFile; fileRef = 354C5AD41FA6AD5E002B17B4 /* LoginViewController.swift */; };
		354C5AD71FA6C87D002B17B4 /* GCDBlackBox.swift in Sources */ = {isa = PBXBuildFile; fileRef = 354C5AD61FA6C87D002B17B4 /* GCDBlackBox.swift */; };
		354C5AD91FA6D41A002B17B4 /* StudentInformation.swift in Sources */ = {isa = PBXBuildFile; fileRef = 354C5AD81FA6D41A002B17B4 /* StudentInformation.swift */; };
		354C5ADB1FA6D504002B17B4 /* ParseClient.swift in Sources */ = {isa = PBXBuildFile; fileRef = 354C5ADA1FA6D504002B17B4 /* ParseClient.swift */; };
		354C5ADD1FA6D517002B17B4 /* ParseConstants.swift in Sources */ = {isa = PBXBuildFile; fileRef = 354C5ADC1FA6D517002B17B4 /* ParseConstants.swift */; };
		354C5ADF1FA6DAF0002B17B4 /* UdacityClient.swift in Sources */ = {isa = PBXBuildFile; fileRef = 354C5ADE1FA6DAF0002B17B4 /* UdacityClient.swift */; };
		354C5AE11FA6DB0F002B17B4 /* UdacityConstants.swift in Sources */ = {isa = PBXBuildFile; fileRef = 354C5AE01FA6DB0F002B17B4 /* UdacityConstants.swift */; };
		354C5AE31FA6E50E002B17B4 /* UdacityConv.swift in Sources */ = {isa = PBXBuildFile; fileRef = 354C5AE21FA6E50E002B17B4 /* UdacityConv.swift */; };
		354C5AE51FA6EEF8002B17B4 /* Utils.swift in Sources */ = {isa = PBXBuildFile; fileRef = 354C5AE41FA6EEF8002B17B4 /* Utils.swift */; };
		354C5AE81FA70270002B17B4 /* MapKit.framework in Frameworks */ = {isa = PBXBuildFile; fileRef = 354C5AE71FA70270002B17B4 /* MapKit.framework */; };
		354C5AEA1FA77504002B17B4 /* StudentTableViewCell.swift in Sources */ = {isa = PBXBuildFile; fileRef = 354C5AE91FA77504002B17B4 /* StudentTableViewCell.swift */; };
		354C5AEC1FA775BF002B17B4 /* MapsViewController.swift in Sources */ = {isa = PBXBuildFile; fileRef = 354C5AEB1FA775BF002B17B4 /* MapsViewController.swift */; };
		354C5AEE1FA775E4002B17B4 /* ListViewController.swift in Sources */ = {isa = PBXBuildFile; fileRef = 354C5AED1FA775E4002B17B4 /* ListViewController.swift */; };
		354C5AF01FA7760F002B17B4 /* TabBarViewController.swift in Sources */ = {isa = PBXBuildFile; fileRef = 354C5AEF1FA7760F002B17B4 /* TabBarViewController.swift */; };
		354C5AF21FA7E7A0002B17B4 /* ParseConv.swift in Sources */ = {isa = PBXBuildFile; fileRef = 354C5AF11FA7E7A0002B17B4 /* ParseConv.swift */; };
		35E3B11C1FA81D57002AF3D4 /* NewLocationViewController.swift in Sources */ = {isa = PBXBuildFile; fileRef = 35E3B11B1FA81D57002AF3D4 /* NewLocationViewController.swift */; };
/* End PBXBuildFile section */

/* Begin PBXFileReference section */
		352584D81FA9FF15003A0A88 /* UIViewContr.swift */ = {isa = PBXFileReference; lastKnownFileType = sourcecode.swift; path = UIViewContr.swift; sourceTree = "<group>"; };
		354C5AB91FA6ACD1002B17B4 /* On The Map.app */ = {isa = PBXFileReference; explicitFileType = wrapper.application; includeInIndex = 0; path = "On The Map.app"; sourceTree = BUILT_PRODUCTS_DIR; };
		354C5ABC1FA6ACD1002B17B4 /* AppDelegate.swift */ = {isa = PBXFileReference; lastKnownFileType = sourcecode.swift; path = AppDelegate.swift; sourceTree = "<group>"; };
		354C5AC11FA6ACD1002B17B4 /* Base */ = {isa = PBXFileReference; lastKnownFileType = file.storyboard; name = Base; path = Base.lproj/Main.storyboard; sourceTree = "<group>"; };
		354C5AC31FA6ACD1002B17B4 /* Assets.xcassets */ = {isa = PBXFileReference; lastKnownFileType = folder.assetcatalog; path = Assets.xcassets; sourceTree = "<group>"; };
		354C5AC61FA6ACD1002B17B4 /* Base */ = {isa = PBXFileReference; lastKnownFileType = file.storyboard; name = Base; path = Base.lproj/LaunchScreen.storyboard; sourceTree = "<group>"; };
		354C5AC81FA6ACD1002B17B4 /* Info.plist */ = {isa = PBXFileReference; lastKnownFileType = text.plist.xml; path = Info.plist; sourceTree = "<group>"; };
		354C5AD41FA6AD5E002B17B4 /* LoginViewController.swift */ = {isa = PBXFileReference; lastKnownFileType = sourcecode.swift; path = LoginViewController.swift; sourceTree = "<group>"; };
		354C5AD61FA6C87D002B17B4 /* GCDBlackBox.swift */ = {isa = PBXFileReference; lastKnownFileType = sourcecode.swift; path = GCDBlackBox.swift; sourceTree = "<group>"; };
		354C5AD81FA6D41A002B17B4 /* StudentInformation.swift */ = {isa = PBXFileReference; lastKnownFileType = sourcecode.swift; path = StudentInformation.swift; sourceTree = "<group>"; };
		354C5ADA1FA6D504002B17B4 /* ParseClient.swift */ = {isa = PBXFileReference; lastKnownFileType = sourcecode.swift; path = ParseClient.swift; sourceTree = "<group>"; };
		354C5ADC1FA6D517002B17B4 /* ParseConstants.swift */ = {isa = PBXFileReference; lastKnownFileType = sourcecode.swift; path = ParseConstants.swift; sourceTree = "<group>"; };
		354C5ADE1FA6DAF0002B17B4 /* UdacityClient.swift */ = {isa = PBXFileReference; lastKnownFileType = sourcecode.swift; path = UdacityClient.swift; sourceTree = "<group>"; };
		354C5AE01FA6DB0F002B17B4 /* UdacityConstants.swift */ = {isa = PBXFileReference; lastKnownFileType = sourcecode.swift; path = UdacityConstants.swift; sourceTree = "<group>"; };
		354C5AE21FA6E50E002B17B4 /* UdacityConv.swift */ = {isa = PBXFileReference; lastKnownFileType = sourcecode.swift; path = UdacityConv.swift; sourceTree = "<group>"; };
		354C5AE41FA6EEF8002B17B4 /* Utils.swift */ = {isa = PBXFileReference; lastKnownFileType = sourcecode.swift; path = Utils.swift; sourceTree = "<group>"; };
		354C5AE71FA70270002B17B4 /* MapKit.framework */ = {isa = PBXFileReference; lastKnownFileType = wrapper.framework; name = MapKit.framework; path = System/Library/Frameworks/MapKit.framework; sourceTree = SDKROOT; };
		354C5AE91FA77504002B17B4 /* StudentTableViewCell.swift */ = {isa = PBXFileReference; lastKnownFileType = sourcecode.swift; path = StudentTableViewCell.swift; sourceTree = "<group>"; };
		354C5AEB1FA775BF002B17B4 /* MapsViewController.swift */ = {isa = PBXFileReference; lastKnownFileType = sourcecode.swift; path = MapsViewController.swift; sourceTree = "<group>"; };
		354C5AED1FA775E4002B17B4 /* ListViewController.swift */ = {isa = PBXFileReference; lastKnownFileType = sourcecode.swift; path = ListViewController.swift; sourceTree = "<group>"; };
		354C5AEF1FA7760F002B17B4 /* TabBarViewController.swift */ = {isa = PBXFileReference; lastKnownFileType = sourcecode.swift; path = TabBarViewController.swift; sourceTree = "<group>"; };
		354C5AF11FA7E7A0002B17B4 /* ParseConv.swift */ = {isa = PBXFileReference; lastKnownFileType = sourcecode.swift; path = ParseConv.swift; sourceTree = "<group>"; };
		35E3B11B1FA81D57002AF3D4 /* NewLocationViewController.swift */ = {isa = PBXFileReference; lastKnownFileType = sourcecode.swift; path = NewLocationViewController.swift; sourceTree = "<group>"; };
/* End PBXFileReference section */

/* Begin PBXFrameworksBuildPhase section */
		354C5AB61FA6ACD1002B17B4 /* Frameworks */ = {
			isa = PBXFrameworksBuildPhase;
			buildActionMask = 2147483647;
			files = (
				354C5AE81FA70270002B17B4 /* MapKit.framework in Frameworks */,
			);
			runOnlyForDeploymentPostprocessing = 0;
		};
/* End PBXFrameworksBuildPhase section */

/* Begin PBXGroup section */
		354C5AB01FA6ACD1002B17B4 = {
			isa = PBXGroup;
			children = (
				354C5ABB1FA6ACD1002B17B4 /* On The Map */,
				354C5ABA1FA6ACD1002B17B4 /* Products */,
				354C5AE61FA70270002B17B4 /* Frameworks */,
			);
			sourceTree = "<group>";
		};
		354C5ABA1FA6ACD1002B17B4 /* Products */ = {
			isa = PBXGroup;
			children = (
				354C5AB91FA6ACD1002B17B4 /* On The Map.app */,
			);
			name = Products;
			sourceTree = "<group>";
		};
		354C5ABB1FA6ACD1002B17B4 /* On The Map */ = {
			isa = PBXGroup;
			children = (
				354C5AD01FA6ACEC002B17B4 /* Model */,
				354C5ACF1FA6ACE9002B17B4 /* View */,
				354C5ACE1FA6ACE3002B17B4 /* Controller */,
				354C5ABC1FA6ACD1002B17B4 /* AppDelegate.swift */,
				354C5AC01FA6ACD1002B17B4 /* Main.storyboard */,
				354C5AC31FA6ACD1002B17B4 /* Assets.xcassets */,
				354C5AC51FA6ACD1002B17B4 /* LaunchScreen.storyboard */,
				354C5AC81FA6ACD1002B17B4 /* Info.plist */,
				354C5AD61FA6C87D002B17B4 /* GCDBlackBox.swift */,
			);
			path = "On The Map";
			sourceTree = "<group>";
		};
		354C5ACE1FA6ACE3002B17B4 /* Controller */ = {
			isa = PBXGroup;
			children = (
				354C5AD41FA6AD5E002B17B4 /* LoginViewController.swift */,
				354C5AEB1FA775BF002B17B4 /* MapsViewController.swift */,
				354C5AED1FA775E4002B17B4 /* ListViewController.swift */,
				354C5AEF1FA7760F002B17B4 /* TabBarViewController.swift */,
				35E3B11B1FA81D57002AF3D4 /* NewLocationViewController.swift */,
			);
			path = Controller;
			sourceTree = "<group>";
		};
		354C5ACF1FA6ACE9002B17B4 /* View */ = {
			isa = PBXGroup;
			children = (
				354C5AE91FA77504002B17B4 /* StudentTableViewCell.swift */,
				352584D81FA9FF15003A0A88 /* UIViewContr.swift */,
			);
			path = View;
			sourceTree = "<group>";
		};
		354C5AD01FA6ACEC002B17B4 /* Model */ = {
			isa = PBXGroup;
			children = (
				354C5AD21FA6AD2B002B17B4 /* Parse */,
				354C5AD11FA6AD25002B17B4 /* Udacity */,
				354C5AE41FA6EEF8002B17B4 /* Utils.swift */,
			);
			path = Model;
			sourceTree = "<group>";
		};
		354C5AD11FA6AD25002B17B4 /* Udacity */ = {
			isa = PBXGroup;
			children = (
				354C5ADE1FA6DAF0002B17B4 /* UdacityClient.swift */,
				354C5AE01FA6DB0F002B17B4 /* UdacityConstants.swift */,
				354C5AE21FA6E50E002B17B4 /* UdacityConv.swift */,
			);
			path = Udacity;
			sourceTree = "<group>";
		};
		354C5AD21FA6AD2B002B17B4 /* Parse */ = {
			isa = PBXGroup;
			children = (
				354C5AD81FA6D41A002B17B4 /* StudentInformation.swift */,
				354C5ADA1FA6D504002B17B4 /* ParseClient.swift */,
				354C5ADC1FA6D517002B17B4 /* ParseConstants.swift */,
				354C5AF11FA7E7A0002B17B4 /* ParseConv.swift */,
			);
			path = Parse;
			sourceTree = "<group>";
		};
		354C5AE61FA70270002B17B4 /* Frameworks */ = {
			isa = PBXGroup;
			children = (
				354C5AE71FA70270002B17B4 /* MapKit.framework */,
			);
			name = Frameworks;
			sourceTree = "<group>";
		};
/* End PBXGroup section */

/* Begin PBXNativeTarget section */
		354C5AB81FA6ACD1002B17B4 /* On The Map */ = {
			isa = PBXNativeTarget;
			buildConfigurationList = 354C5ACB1FA6ACD1002B17B4 /* Build configuration list for PBXNativeTarget "On The Map" */;
			buildPhases = (
				354C5AB51FA6ACD1002B17B4 /* Sources */,
				354C5AB61FA6ACD1002B17B4 /* Frameworks */,
				354C5AB71FA6ACD1002B17B4 /* Resources */,
			);
			buildRules = (
			);
			dependencies = (
			);
			name = "On The Map";
			productName = "On The Map";
			productReference = 354C5AB91FA6ACD1002B17B4 /* On The Map.app */;
			productType = "com.apple.product-type.application";
		};
/* End PBXNativeTarget section */

/* Begin PBXProject section */
		354C5AB11FA6ACD1002B17B4 /* Project object */ = {
			isa = PBXProject;
			attributes = {
				LastSwiftUpdateCheck = 0900;
				LastUpgradeCheck = 0900;
				ORGANIZATIONNAME = "Dane Miller";
				TargetAttributes = {
					354C5AB81FA6ACD1002B17B4 = {
						CreatedOnToolsVersion = 9.0.1;
						ProvisioningStyle = Automatic;
						SystemCapabilities = {
							com.apple.Maps.iOS = {
								enabled = 1;
							};
						};
					};
				};
			};
			buildConfigurationList = 354C5AB41FA6ACD1002B17B4 /* Build configuration list for PBXProject "On The Map" */;
			compatibilityVersion = "Xcode 8.0";
			developmentRegion = en;
			hasScannedForEncodings = 0;
			knownRegions = (
				en,
				Base,
			);
			mainGroup = 354C5AB01FA6ACD1002B17B4;
			productRefGroup = 354C5ABA1FA6ACD1002B17B4 /* Products */;
			projectDirPath = "";
			projectRoot = "";
			targets = (
				354C5AB81FA6ACD1002B17B4 /* On The Map */,
			);
		};
/* End PBXProject section */

/* Begin PBXResourcesBuildPhase section */
		354C5AB71FA6ACD1002B17B4 /* Resources */ = {
			isa = PBXResourcesBuildPhase;
			buildActionMask = 2147483647;
			files = (
				354C5AC71FA6ACD1002B17B4 /* LaunchScreen.storyboard in Resources */,
				354C5AC41FA6ACD1002B17B4 /* Assets.xcassets in Resources */,
				354C5AC21FA6ACD1002B17B4 /* Main.storyboard in Resources */,
			);
			runOnlyForDeploymentPostprocessing = 0;
		};
/* End PBXResourcesBuildPhase section */

/* Begin PBXSourcesBuildPhase section */
		354C5AB51FA6ACD1002B17B4 /* Sources */ = {
			isa = PBXSourcesBuildPhase;
			buildActionMask = 2147483647;
			files = (
				354C5AF01FA7760F002B17B4 /* TabBarViewController.swift in Sources */,
				354C5AEC1FA775BF002B17B4 /* MapsViewController.swift in Sources */,
				354C5ADF1FA6DAF0002B17B4 /* UdacityClient.swift in Sources */,
				354C5ADB1FA6D504002B17B4 /* ParseClient.swift in Sources */,
				354C5AD71FA6C87D002B17B4 /* GCDBlackBox.swift in Sources */,
				352584D91FA9FF15003A0A88 /* UIViewContr.swift in Sources */,
				354C5AD51FA6AD5E002B17B4 /* LoginViewController.swift in Sources */,
				354C5AEE1FA775E4002B17B4 /* ListViewController.swift in Sources */,
				354C5AE31FA6E50E002B17B4 /* UdacityConv.swift in Sources */,
				354C5AE11FA6DB0F002B17B4 /* UdacityConstants.swift in Sources */,
				354C5AE51FA6EEF8002B17B4 /* Utils.swift in Sources */,
				354C5AF21FA7E7A0002B17B4 /* ParseConv.swift in Sources */,
				354C5AD91FA6D41A002B17B4 /* StudentInformation.swift in Sources */,
				354C5ABD1FA6ACD1002B17B4 /* AppDelegate.swift in Sources */,
				354C5ADD1FA6D517002B17B4 /* ParseConstants.swift in Sources */,
				354C5AEA1FA77504002B17B4 /* StudentTableViewCell.swift in Sources */,
				35E3B11C1FA81D57002AF3D4 /* NewLocationViewController.swift in Sources */,
			);
			runOnlyForDeploymentPostprocessing = 0;
		};
/* End PBXSourcesBuildPhase section */

/* Begin PBXVariantGroup section */
		354C5AC01FA6ACD1002B17B4 /* Main.storyboard */ = {
			isa = PBXVariantGroup;
			children = (
				354C5AC11FA6ACD1002B17B4 /* Base */,
			);
			name = Main.storyboard;
			sourceTree = "<group>";
		};
		354C5AC51FA6ACD1002B17B4 /* LaunchScreen.storyboard */ = {
			isa = PBXVariantGroup;
			children = (
				354C5AC61FA6ACD1002B17B4 /* Base */,
			);
			name = LaunchScreen.storyboard;
			sourceTree = "<group>";
		};
/* End PBXVariantGroup section */

/* Begin XCBuildConfiguration section */
		354C5AC91FA6ACD1002B17B4 /* Debug */ = {
			isa = XCBuildConfiguration;
			buildSettings = {
				ALWAYS_SEARCH_USER_PATHS = NO;
				CLANG_ANALYZER_NONNULL = YES;
				CLANG_ANALYZER_NUMBER_OBJECT_CONVERSION = YES_AGGRESSIVE;
				CLANG_CXX_LANGUAGE_STANDARD = "gnu++14";
				CLANG_CXX_LIBRARY = "libc++";
				CLANG_ENABLE_MODULES = YES;
				CLANG_ENABLE_OBJC_ARC = YES;
				CLANG_WARN_BLOCK_CAPTURE_AUTORELEASING = YES;
				CLANG_WARN_BOOL_CONVERSION = YES;
				CLANG_WARN_COMMA = YES;
				CLANG_WARN_CONSTANT_CONVERSION = YES;
				CLANG_WARN_DIRECT_OBJC_ISA_USAGE = YES_ERROR;
				CLANG_WARN_DOCUMENTATION_COMMENTS = YES;
				CLANG_WARN_EMPTY_BODY = YES;
				CLANG_WARN_ENUM_CONVERSION = YES;
				CLANG_WARN_INFINITE_RECURSION = YES;
				CLANG_WARN_INT_CONVERSION = YES;
				CLANG_WARN_NON_LITERAL_NULL_CONVERSION = YES;
				CLANG_WARN_OBJC_LITERAL_CONVERSION = YES;
				CLANG_WARN_OBJC_ROOT_CLASS = YES_ERROR;
				CLANG_WARN_RANGE_LOOP_ANALYSIS = YES;
				CLANG_WARN_STRICT_PROTOTYPES = YES;
				CLANG_WARN_SUSPICIOUS_MOVE = YES;
				CLANG_WARN_UNGUARDED_AVAILABILITY = YES_AGGRESSIVE;
				CLANG_WARN_UNREACHABLE_CODE = YES;
				CLANG_WARN__DUPLICATE_METHOD_MATCH = YES;
				CODE_SIGN_IDENTITY = "iPhone Developer";
				COPY_PHASE_STRIP = NO;
				DEBUG_INFORMATION_FORMAT = dwarf;
				ENABLE_STRICT_OBJC_MSGSEND = YES;
				ENABLE_TESTABILITY = YES;
				GCC_C_LANGUAGE_STANDARD = gnu11;
				GCC_DYNAMIC_NO_PIC = NO;
				GCC_NO_COMMON_BLOCKS = YES;
				GCC_OPTIMIZATION_LEVEL = 0;
				GCC_PREPROCESSOR_DEFINITIONS = (
					"DEBUG=1",
					"$(inherited)",
				);
				GCC_WARN_64_TO_32_BIT_CONVERSION = YES;
				GCC_WARN_ABOUT_RETURN_TYPE = YES_ERROR;
				GCC_WARN_UNDECLARED_SELECTOR = YES;
				GCC_WARN_UNINITIALIZED_AUTOS = YES_AGGRESSIVE;
				GCC_WARN_UNUSED_FUNCTION = YES;
				GCC_WARN_UNUSED_VARIABLE = YES;
				IPHONEOS_DEPLOYMENT_TARGET = 11.0;
				MTL_ENABLE_DEBUG_INFO = YES;
				ONLY_ACTIVE_ARCH = YES;
				SDKROOT = iphoneos;
				SWIFT_ACTIVE_COMPILATION_CONDITIONS = DEBUG;
				SWIFT_OPTIMIZATION_LEVEL = "-Onone";
			};
			name = Debug;
		};
		354C5ACA1FA6ACD1002B17B4 /* Release */ = {
			isa = XCBuildConfiguration;
			buildSettings = {
				ALWAYS_SEARCH_USER_PATHS = NO;
				CLANG_ANALYZER_NONNULL = YES;
				CLANG_ANALYZER_NUMBER_OBJECT_CONVERSION = YES_AGGRESSIVE;
				CLANG_CXX_LANGUAGE_STANDARD = "gnu++14";
				CLANG_CXX_LIBRARY = "libc++";
				CLANG_ENABLE_MODULES = YES;
				CLANG_ENABLE_OBJC_ARC = YES;
				CLANG_WARN_BLOCK_CAPTURE_AUTORELEASING = YES;
				CLANG_WARN_BOOL_CONVERSION = YES;
				CLANG_WARN_COMMA = YES;
				CLANG_WARN_CONSTANT_CONVERSION = YES;
				CLANG_WARN_DIRECT_OBJC_ISA_USAGE = YES_ERROR;
				CLANG_WARN_DOCUMENTATION_COMMENTS = YES;
				CLANG_WARN_EMPTY_BODY = YES;
				CLANG_WARN_ENUM_CONVERSION = YES;
				CLANG_WARN_INFINITE_RECURSION = YES;
				CLANG_WARN_INT_CONVERSION = YES;
				CLANG_WARN_NON_LITERAL_NULL_CONVERSION = YES;
				CLANG_WARN_OBJC_LITERAL_CONVERSION = YES;
				CLANG_WARN_OBJC_ROOT_CLASS = YES_ERROR;
				CLANG_WARN_RANGE_LOOP_ANALYSIS = YES;
				CLANG_WARN_STRICT_PROTOTYPES = YES;
				CLANG_WARN_SUSPICIOUS_MOVE = YES;
				CLANG_WARN_UNGUARDED_AVAILABILITY = YES_AGGRESSIVE;
				CLANG_WARN_UNREACHABLE_CODE = YES;
				CLANG_WARN__DUPLICATE_METHOD_MATCH = YES;
				CODE_SIGN_IDENTITY = "iPhone Developer";
				COPY_PHASE_STRIP = NO;
				DEBUG_INFORMATION_FORMAT = "dwarf-with-dsym";
				ENABLE_NS_ASSERTIONS = NO;
				ENABLE_STRICT_OBJC_MSGSEND = YES;
				GCC_C_LANGUAGE_STANDARD = gnu11;
				GCC_NO_COMMON_BLOCKS = YES;
				GCC_WARN_64_TO_32_BIT_CONVERSION = YES;
				GCC_WARN_ABOUT_RETURN_TYPE = YES_ERROR;
				GCC_WARN_UNDECLARED_SELECTOR = YES;
				GCC_WARN_UNINITIALIZED_AUTOS = YES_AGGRESSIVE;
				GCC_WARN_UNUSED_FUNCTION = YES;
				GCC_WARN_UNUSED_VARIABLE = YES;
				IPHONEOS_DEPLOYMENT_TARGET = 11.0;
				MTL_ENABLE_DEBUG_INFO = NO;
				SDKROOT = iphoneos;
				SWIFT_OPTIMIZATION_LEVEL = "-Owholemodule";
				VALIDATE_PRODUCT = YES;
			};
			name = Release;
		};
		354C5ACC1FA6ACD1002B17B4 /* Debug */ = {
			isa = XCBuildConfiguration;
			buildSettings = {
				ASSETCATALOG_COMPILER_APPICON_NAME = AppIcon;
				CODE_SIGN_STYLE = Automatic;
				DEVELOPMENT_TEAM = JVR64PHHU5;
				INFOPLIST_FILE = "On The Map/Info.plist";
				IPHONEOS_DEPLOYMENT_TARGET = 10.0;
				LD_RUNPATH_SEARCH_PATHS = "$(inherited) @executable_path/Frameworks";
				PRODUCT_BUNDLE_IDENTIFIER = "drellimal2.github.io.On-The-Map";
				PRODUCT_NAME = "$(TARGET_NAME)";
				SWIFT_VERSION = 4.0;
				TARGETED_DEVICE_FAMILY = "1,2";
			};
			name = Debug;
		};
		354C5ACD1FA6ACD1002B17B4 /* Release */ = {
			isa = XCBuildConfiguration;
			buildSettings = {
				ASSETCATALOG_COMPILER_APPICON_NAME = AppIcon;
				CODE_SIGN_STYLE = Automatic;
				DEVELOPMENT_TEAM = JVR64PHHU5;
				INFOPLIST_FILE = "On The Map/Info.plist";
				IPHONEOS_DEPLOYMENT_TARGET = 10.0;
				LD_RUNPATH_SEARCH_PATHS = "$(inherited) @executable_path/Frameworks";
				PRODUCT_BUNDLE_IDENTIFIER = "drellimal2.github.io.On-The-Map";
				PRODUCT_NAME = "$(TARGET_NAME)";
				SWIFT_VERSION = 4.0;
				TARGETED_DEVICE_FAMILY = "1,2";
			};
			name = Release;
		};
/* End XCBuildConfiguration section */

/* Begin XCConfigurationList section */
		354C5AB41FA6ACD1002B17B4 /* Build configuration list for PBXProject "On The Map" */ = {
			isa = XCConfigurationList;
			buildConfigurations = (
				354C5AC91FA6ACD1002B17B4 /* Debug */,
				354C5ACA1FA6ACD1002B17B4 /* Release */,
			);
			defaultConfigurationIsVisible = 0;
			defaultConfigurationName = Release;
		};
		354C5ACB1FA6ACD1002B17B4 /* Build configuration list for PBXNativeTarget "On The Map" */ = {
			isa = XCConfigurationList;
			buildConfigurations = (
				354C5ACC1FA6ACD1002B17B4 /* Debug */,
				354C5ACD1FA6ACD1002B17B4 /* Release */,
			);
			defaultConfigurationIsVisible = 0;
			defaultConfigurationName = Release;
		};
/* End XCConfigurationList section */
	};
	rootObject = 354C5AB11FA6ACD1002B17B4 /* Project object */;
}
